# This file is automatically @generated by Cargo.
# It is not intended for manual editing.
version = 4

[[package]]
name = "bitflags"
version = "2.11.0"
source = "registry+https://github.com/rust-lang/crates.io-index"
checksum = "843867be96c8daad0d758b57df9392b6d8d271134fce549de6ce169ff98a92af"

[[package]]
name = "desktop"
version = "0.1.0"
dependencies = [
 "sdl3",
]

[[package]]
name = "lazy_static"
version = "1.5.0"
source = "registry+https://github.com/rust-lang/crates.io-index"
checksum = "bbd2bcb4c963f2ddae06a2efc7e9f3591312473c50c6685e1f298068316e66fe"

[[package]]
name = "libc"
version = "0.2.182"
source = "registry+https://github.com/rust-lang/crates.io-index"
checksum = "6800badb6cb2082ffd7b6a67e6125bb39f18782f793520caee8cb8846be06112"

[[package]]
name = "sdl3"
version = "0.17.3"
source = "registry+https://github.com/rust-lang/crates.io-index"
checksum = "dce0693cede7f7901e968e5539f87174d0fb5fac5d489a3e3be52b2b4a0b49c5"
dependencies = [
 "bitflags",
 "lazy_static",
 "libc",
 "sdl3-sys",
]

[[package]]
name = "sdl3-sys"
version = "0.6.1+SDL-3.4.2"
source = "registry+https://github.com/rust-lang/crates.io-index"
checksum = "1d73fc820b0b6b9bd0557de7b799ec9da1ca4f35fcd1cb42f7ceb85e640d1477"
